
Microsoft Visual Studio Solution File, Format Version 12.00
# Visual Studio Version 17
VisualStudioVersion = 17.0.31903.59
MinimumVisualStudioVersion = 10.0.40219.1
Project("{2150E333-8FDC-42A3-9474-1A3956D46DE8}") = "src", "src", "{827E0CD3-B72D-47B6-A68D-7590B98EB39B}"
EndProject
Project("{FAE04EC0-301F-11D3-BF4B-00C04F79EFBC}") = "MyImage.Core", "src\MyImage.Core\MyImage.Core.csproj", "{C3A86670-D02E-43C8-80A6-947FEAE2ADA2}"
EndProject
Project("{FAE04EC0-301F-11D3-BF4B-00C04F79EFBC}") = "MyImage.Application", "src\MyImage.Application\MyImage.Application.csproj", "{8C285CA9-8216-4834-87FE-BD13E4776FAD}"
EndProject
Project("{FAE04EC0-301F-11D3-BF4B-00C04F79EFBC}") = "MyImage.Infrastructure", "src\MyImage.Infrastructure\MyImage.Infrastructure.csproj", "{320027AD-0A9A-4ADA-BDE9-F6E97E7459CA}"
EndProject
Project("{FAE04EC0-301F-11D3-BF4B-00C04F79EFBC}") = "MyImage.API", "src\MyImage.API\MyImage.API.csproj", "{C2E8E010-F54C-4B18-A746-30C7A70B592E}"
EndProject
Project("{2150E333-8FDC-42A3-9474-1A3956D46DE8}") = "tests", "tests", "{0AB3BF05-4346-4AA6-1389-037BE0695223}"
EndProject
Project("{FAE04EC0-301F-11D3-BF4B-00C04F79EFBC}") = "MyImage.UnitTests", "tests\MyImage.UnitTests\MyImage.UnitTests.csproj", "{753E09EB-DBB4-459E-8F69-EFB5295DF30E}"
EndProject
Project("{FAE04EC0-301F-11D3-BF4B-00C04F79EFBC}") = "MyImage.IntegrationTests", "tests\MyImage.IntegrationTests\MyImage.IntegrationTests.csproj", "{A7FE835E-247D-4444-A149-20BA50821084}"
EndProject
Global
	GlobalSection(SolutionConfigurationPlatforms) = preSolution
		Debug|Any CPU = Debug|Any CPU
		Debug|x64 = Debug|x64
		Debug|x86 = Debug|x86
		Release|Any CPU = Release|Any CPU
		Release|x64 = Release|x64
		Release|x86 = Release|x86
	EndGlobalSection
	GlobalSection(ProjectConfigurationPlatforms) = postSolution
		{C3A86670-D02E-43C8-80A6-947FEAE2ADA2}.Debug|Any CPU.ActiveCfg = Debug|Any CPU
		{C3A86670-D02E-43C8-80A6-947FEAE2ADA2}.Debug|Any CPU.Build.0 = Debug|Any CPU
		{C3A86670-D02E-43C8-80A6-947FEAE2ADA2}.Debug|x64.ActiveCfg = Debug|Any CPU
		{C3A86670-D02E-43C8-80A6-947FEAE2ADA2}.Debug|x64.Build.0 = Debug|Any CPU
		{C3A86670-D02E-43C8-80A6-947FEAE2ADA2}.Debug|x86.ActiveCfg = Debug|Any CPU
		{C3A86670-D02E-43C8-80A6-947FEAE2ADA2}.Debug|x86.Build.0 = Debug|Any CPU
		{C3A86670-D02E-43C8-80A6-947FEAE2ADA2}.Release|Any CPU.ActiveCfg = Release|Any CPU
		{C3A86670-D02E-43C8-80A6-947FEAE2ADA2}.Release|Any CPU.Build.0 = Release|Any CPU
		{C3A86670-D02E-43C8-80A6-947FEAE2ADA2}.Release|x64.ActiveCfg = Release|Any CPU
		{C3A86670-D02E-43C8-80A6-947FEAE2ADA2}.Release|x64.Build.0 = Release|Any CPU
		{C3A86670-D02E-43C8-80A6-947FEAE2ADA2}.Release|x86.ActiveCfg = Release|Any CPU
		{C3A86670-D02E-43C8-80A6-947FEAE2ADA2}.Release|x86.Build.0 = Release|Any CPU
		{8C285CA9-8216-4834-87FE-BD13E4776FAD}.Debug|Any CPU.ActiveCfg = Debug|Any CPU
		{8C285CA9-8216-4834-87FE-BD13E4776FAD}.Debug|Any CPU.Build.0 = Debug|Any CPU
		{8C285CA9-8216-4834-87FE-BD13E4776FAD}.Debug|x64.ActiveCfg = Debug|Any CPU
		{8C285CA9-8216-4834-87FE-BD13E4776FAD}.Debug|x64.Build.0 = Debug|Any CPU
		{8C285CA9-8216-4834-87FE-BD13E4776FAD}.Debug|x86.ActiveCfg = Debug|Any CPU
		{8C285CA9-8216-4834-87FE-BD13E4776FAD}.Debug|x86.Build.0 = Debug|Any CPU
		{8C285CA9-8216-4834-87FE-BD13E4776FAD}.Release|Any CPU.ActiveCfg = Release|Any CPU
		{8C285CA9-8216-4834-87FE-BD13E4776FAD}.Release|Any CPU.Build.0 = Release|Any CPU
		{8C285CA9-8216-4834-87FE-BD13E4776FAD}.Release|x64.ActiveCfg = Release|Any CPU
		{8C285CA9-8216-4834-87FE-BD13E4776FAD}.Release|x64.Build.0 = Release|Any CPU
		{8C285CA9-8216-4834-87FE-BD13E4776FAD}.Release|x86.ActiveCfg = Release|Any CPU
		{8C285CA9-8216-4834-87FE-BD13E4776FAD}.Release|x86.Build.0 = Release|Any CPU
		{320027AD-0A9A-4ADA-BDE9-F6E97E7459CA}.Debug|Any CPU.ActiveCfg = Debug|Any CPU
		{320027AD-0A9A-4ADA-BDE9-F6E97E7459CA}.Debug|Any CPU.Build.0 = Debug|Any CPU
		{320027AD-0A9A-4ADA-BDE9-F6E97E7459CA}.Debug|x64.ActiveCfg = Debug|Any CPU
		{320027AD-0A9A-4ADA-BDE9-F6E97E7459CA}.Debug|x64.Build.0 = Debug|Any CPU
		{320027AD-0A9A-4ADA-BDE9-F6E97E7459CA}.Debug|x86.ActiveCfg = Debug|Any CPU
		{320027AD-0A9A-4ADA-BDE9-F6E97E7459CA}.Debug|x86.Build.0 = Debug|Any CPU
		{320027AD-0A9A-4ADA-BDE9-F6E97E7459CA}.Release|Any CPU.ActiveCfg = Release|Any CPU
		{320027AD-0A9A-4ADA-BDE9-F6E97E7459CA}.Release|Any CPU.Build.0 = Release|Any CPU
		{320027AD-0A9A-4ADA-BDE9-F6E97E7459CA}.Release|x64.ActiveCfg = Release|Any CPU
		{320027AD-0A9A-4ADA-BDE9-F6E97E7459CA}.Release|x64.Build.0 = Release|Any CPU
		{320027AD-0A9A-4ADA-BDE9-F6E97E7459CA}.Release|x86.ActiveCfg = Release|Any CPU
		{320027AD-0A9A-4ADA-BDE9-F6E97E7459CA}.Release|x86.Build.0 = Release|Any CPU
		{C2E8E010-F54C-4B18-A746-30C7A70B592E}.Debug|Any CPU.ActiveCfg = Debug|Any CPU
		{C2E8E010-F54C-4B18-A746-30C7A70B592E}.Debug|Any CPU.Build.0 = Debug|Any CPU
		{C2E8E010-F54C-4B18-A746-30C7A70B592E}.Debug|x64.ActiveCfg = Debug|Any CPU
		{C2E8E010-F54C-4B18-A746-30C7A70B592E}.Debug|x64.Build.0 = Debug|Any CPU
		{C2E8E010-F54C-4B18-A746-30C7A70B592E}.Debug|x86.ActiveCfg = Debug|Any CPU
		{C2E8E010-F54C-4B18-A746-30C7A70B592E}.Debug|x86.Build.0 = Debug|Any CPU
		{C2E8E010-F54C-4B18-A746-30C7A70B592E}.Release|Any CPU.ActiveCfg = Release|Any CPU
		{C2E8E010-F54C-4B18-A746-30C7A70B592E}.Release|Any CPU.Build.0 = Release|Any CPU
		{C2E8E010-F54C-4B18-A746-30C7A70B592E}.Release|x64.ActiveCfg = Release|Any CPU
		{C2E8E010-F54C-4B18-A746-30C7A70B592E}.Release|x64.Build.0 = Release|Any CPU
		{C2E8E010-F54C-4B18-A746-30C7A70B592E}.Release|x86.ActiveCfg = Release|Any CPU
		{C2E8E010-F54C-4B18-A746-30C7A70B592E}.Release|x86.Build.0 = Release|Any CPU
		{753E09EB-DBB4-459E-8F69-EFB5295DF30E}.Debug|Any CPU.ActiveCfg = Debug|Any CPU
		{753E09EB-DBB4-459E-8F69-EFB5295DF30E}.Debug|Any CPU.Build.0 = Debug|Any CPU
		{753E09EB-DBB4-459E-8F69-EFB5295DF30E}.Debug|x64.ActiveCfg = Debug|Any CPU
		{753E09EB-DBB4-459E-8F69-EFB5295DF30E}.Debug|x64.Build.0 = Debug|Any CPU
		{753E09EB-DBB4-459E-8F69-EFB5295DF30E}.Debug|x86.ActiveCfg = Debug|Any CPU
		{753E09EB-DBB4-459E-8F69-EFB5295DF30E}.Debug|x86.Build.0 = Debug|Any CPU
		{753E09EB-DBB4-459E-8F69-EFB5295DF30E}.Release|Any CPU.ActiveCfg = Release|Any CPU
		{753E09EB-DBB4-459E-8F69-EFB5295DF30E}.Release|Any CPU.Build.0 = Release|Any CPU
		{753E09EB-DBB4-459E-8F69-EFB5295DF30E}.Release|x64.ActiveCfg = Release|Any CPU
		{753E09EB-DBB4-459E-8F69-EFB5295DF30E}.Release|x64.Build.0 = Release|Any CPU
		{753E09EB-DBB4-459E-8F69-EFB5295DF30E}.Release|x86.ActiveCfg = Release|Any CPU
		{753E09EB-DBB4-459E-8F69-EFB5295DF30E}.Release|x86.Build.0 = Release|Any CPU
		{A7FE835E-247D-4444-A149-20BA50821084}.Debug|Any CPU.ActiveCfg = Debug|Any CPU
		{A7FE835E-247D-4444-A149-20BA50821084}.Debug|Any CPU.Build.0 = Debug|Any CPU
		{A7FE835E-247D-4444-A149-20BA50821084}.Debug|x64.ActiveCfg = Debug|Any CPU
		{A7FE835E-247D-4444-A149-20BA50821084}.Debug|x64.Build.0 = Debug|Any CPU
		{A7FE835E-247D-4444-A149-20BA50821084}.Debug|x86.ActiveCfg = Debug|Any CPU
		{A7FE835E-247D-4444-A149-20BA50821084}.Debug|x86.Build.0 = Debug|Any CPU
		{A7FE835E-247D-4444-A149-20BA50821084}.Release|Any CPU.ActiveCfg = Release|Any CPU
		{A7FE835E-247D-4444-A149-20BA50821084}.Release|Any CPU.Build.0 = Release|Any CPU
		{A7FE835E-247D-4444-A149-20BA50821084}.Release|x64.ActiveCfg = Release|Any CPU
		{A7FE835E-247D-4444-A149-20BA50821084}.Release|x64.Build.0 = Release|Any CPU
		{A7FE835E-247D-4444-A149-20BA50821084}.Release|x86.ActiveCfg = Release|Any CPU
		{A7FE835E-247D-4444-A149-20BA50821084}.Release|x86.Build.0 = Release|Any CPU
	EndGlobalSection
	GlobalSection(SolutionProperties) = preSolution
		HideSolutionNode = FALSE
	EndGlobalSection
	GlobalSection(NestedProjects) = preSolution
		{C3A86670-D02E-43C8-80A6-947FEAE2ADA2} = {827E0CD3-B72D-47B6-A68D-7590B98EB39B}
		{8C285CA9-8216-4834-87FE-BD13E4776FAD} = {827E0CD3-B72D-47B6-A68D-7590B98EB39B}
		{320027AD-0A9A-4ADA-BDE9-F6E97E7459CA} = {827E0CD3-B72D-47B6-A68D-7590B98EB39B}
		{C2E8E010-F54C-4B18-A746-30C7A70B592E} = {827E0CD3-B72D-47B6-A68D-7590B98EB39B}
		{753E09EB-DBB4-459E-8F69-EFB5295DF30E} = {0AB3BF05-4346-4AA6-1389-037BE0695223}
		{A7FE835E-247D-4444-A149-20BA50821084} = {0AB3BF05-4346-4AA6-1389-037BE0695223}
	EndGlobalSection
EndGlobal
